
Microsoft Visual Studio Solution File, Format Version 12.00
# Visual Studio 15
VisualStudioVersion = 15.0.26730.10
MinimumVisualStudioVersion = 10.0.40219.1
Project("{FAE04EC0-301F-11D3-BF4B-00C04F79EFBC}") = "Smeg", "Smeg\Smeg.csproj", "{382A64DF-B180-4964-A247-90B7F69C1197}"
EndProject
Global
	GlobalSection(SolutionConfigurationPlatforms) = preSolution
		Debug|x86 = Debug|x86
		Release|x86 = Release|x86
	EndGlobalSection
	GlobalSection(ProjectConfigurationPlatforms) = postSolution
		{382A64DF-B180-4964-A247-90B7F69C1197}.Debug|x86.ActiveCfg = Debug|x86
		{382A64DF-B180-4964-A247-90B7F69C1197}.Debug|x86.Build.0 = Debug|x86
		{382A64DF-B180-4964-A247-90B7F69C1197}.Release|x86.ActiveCfg = Release|x86
		{382A64DF-B180-4964-A247-90B7F69C1197}.Release|x86.Build.0 = Release|x86
	EndGlobalSection
	GlobalSection(SolutionProperties) = preSolution
		HideSolutionNode = FALSE
	EndGlobalSection
	GlobalSection(ExtensibilityGlobals) = postSolution
		SolutionGuid = {949CF584-A104-471F-B77C-709C048F43E3}
	EndGlobalSection
EndGlobal
